
Microsoft Visual Studio Solution File, Format Version 12.00
# Visual Studio Version 17
VisualStudioVersion = 17.7.34031.279
MinimumVisualStudioVersion = 10.0.40219.1
Project("{9A19103F-16F7-4668-BE54-9A1E7A4F7556}") = "Alping_demo", "Alping_demo.csproj", "{019F0B1B-1D2E-3E9C-6621-4D8F8A10A3F5}"
EndProject
Global
	GlobalSection(SolutionConfigurationPlatforms) = preSolution
		Debug|Any CPU = Debug|Any CPU
		Release|Any CPU = Release|Any CPU
	EndGlobalSection
	GlobalSection(ProjectConfigurationPlatforms) = postSolution
		{019F0B1B-1D2E-3E9C-6621-4D8F8A10A3F5}.Debug|Any CPU.ActiveCfg = Debug|Any CPU
		{019F0B1B-1D2E-3E9C-6621-4D8F8A10A3F5}.Debug|Any CPU.Build.0 = Debug|Any CPU
		{019F0B1B-1D2E-3E9C-6621-4D8F8A10A3F5}.Release|Any CPU.ActiveCfg = Release|Any CPU
		{019F0B1B-1D2E-3E9C-6621-4D8F8A10A3F5}.Release|Any CPU.Build.0 = Release|Any CPU
	EndGlobalSection
	GlobalSection(SolutionProperties) = preSolution
		HideSolutionNode = FALSE
	EndGlobalSection
	GlobalSection(ExtensibilityGlobals) = postSolution
		SolutionGuid = {E7DF324B-9E71-46D6-8D64-F89FD40A5EAE}
	EndGlobalSection
EndGlobal
